
Microsoft Visual Studio Solution File, Format Version 12.00
# Visual Studio Version 17
VisualStudioVersion = 17.5.33502.453
MinimumVisualStudioVersion = 10.0.40219.1
Project("{FAE04EC0-301F-11D3-BF4B-00C04F79EFBC}") = "PASAPAROLA", "PASAPAROLA\PASAPAROLA.csproj", "{F0CA9339-1848-4A6D-B1A4-A90C1DC63F4C}"
EndProject
Global
	GlobalSection(SolutionConfigurationPlatforms) = preSolution
		Debug|Any CPU = Debug|Any CPU
		Release|Any CPU = Release|Any CPU
	EndGlobalSection
	GlobalSection(ProjectConfigurationPlatforms) = postSolution
		{F0CA9339-1848-4A6D-B1A4-A90C1DC63F4C}.Debug|Any CPU.ActiveCfg = Debug|Any CPU
		{F0CA9339-1848-4A6D-B1A4-A90C1DC63F4C}.Debug|Any CPU.Build.0 = Debug|Any CPU
		{F0CA9339-1848-4A6D-B1A4-A90C1DC63F4C}.Release|Any CPU.ActiveCfg = Release|Any CPU
		{F0CA9339-1848-4A6D-B1A4-A90C1DC63F4C}.Release|Any CPU.Build.0 = Release|Any CPU
	EndGlobalSection
	GlobalSection(SolutionProperties) = preSolution
		HideSolutionNode = FALSE
	EndGlobalSection
	GlobalSection(ExtensibilityGlobals) = postSolution
		SolutionGuid = {583C4336-15E4-405B-9EFE-8B1B2542EB7F}
	EndGlobalSection
EndGlobal
